// !$*UTF8*$!
{
	archiveVersion = 1;
	classes = {
	};
	objectVersion = 110;
	objects = {

/* Begin PBXBuildFile section */
		92ECBA7BFCDFF533692E1B53 /* Supabase in Frameworks */ = {isa = PBXBuildFile; productRef = 2D322FBB7AAF559D46B98DE2 /* Supabase */; };
/* End PBXBuildFile section */

/* Begin PBXContainerItemProxy section */
		204E844FBC51AF5B75EF3DA5 /* PBXContainerItemProxy */ = {
			isa = PBXContainerItemProxy;
			containerPortal = BA47DCBA305D5B5B00A7B803 /* Project object */;
			proxyType = 1;
			remoteGlobalIDString = BA47DCC1305D5B5B00A7B803;
			remoteInfo = PapaTodos;
		};
		9E3DE55378687E544D6F5559 /* PBXContainerItemProxy */ = {
			isa = PBXContainerItemProxy;
			containerPortal = BA47DCBA305D5B5B00A7B803 /* Project object */;
			proxyType = 1;
			remoteGlobalIDString = BA47DCC1305D5B5B00A7B803;
			remoteInfo = PapaTodos;
		};
/* End PBXContainerItemProxy section */

/* Begin PBXFileReference section */
		043C904BADC60DC25350B5E5 /* Config.xcconfig */ = {isa = PBXFileReference; lastKnownFileType = text.xcconfig; path = Config.xcconfig; sourceTree = "<group>"; };
		A0A9382101012EB8F2071DBB /* PapaTodosUITests.xctest */ = {isa = PBXFileReference; explicitFileType = wrapper.cfbundle; includeInIndex = 0; path = PapaTodosUITests.xctest; sourceTree = BUILT_PRODUCTS_DIR; };
		BA47DCC2305D5B5B00A7B803 /* PapaTodos.app */ = {isa = PBXFileReference; explicitFileType = wrapper.application; includeInIndex = 0; path = PapaTodos.app; sourceTree = BUILT_PRODUCTS_DIR; };
		BF1555C88055DE66380419E2 /* PapaTodosTests.xctest */ = {isa = PBXFileReference; explicitFileType = wrapper.cfbundle; includeInIndex = 0; path = PapaTodosTests.xctest; sourceTree = BUILT_PRODUCTS_DIR; };
		F1A2B3C4D5E6F7A8B9C0D1E2 /* Info.plist */ = {isa = PBXFileReference; lastKnownFileType = text.plist.xml; path = Info.plist; sourceTree = "<group>"; };
/* End PBXFileReference section */

/* Begin PBXFileSystemSynchronizedRootGroup section */
		3C6ACCE9876DF8F4FC90BEEC /* PapaTodosTests */ = {
			isa = PBXFileSystemSynchronizedRootGroup;
			path = PapaTodosTests;
			sourceTree = "<group>";
		};
		BA47DCC4305D5B5B00A7B803 /* PapaTodos */ = {
			isa = PBXFileSystemSynchronizedRootGroup;
			path = PapaTodos;
			sourceTree = "<group>";
		};
		D973BEA9398830E238DE3877 /* PapaTodosUITests */ = {
			isa = PBXFileSystemSynchronizedRootGroup;
			path = PapaTodosUITests;
			sourceTree = "<group>";
		};
/* End PBXFileSystemSynchronizedRootGroup section */

/* Begin PBXFrameworksBuildPhase section */
		10CF0213F71F00C5B9D09B10 /* Frameworks */ = {
			isa = PBXFrameworksBuildPhase;
			files = (
			);
		};
		AFBDC690D75FFE80FA91D749 /* Frameworks */ = {
			isa = PBXFrameworksBuildPhase;
			files = (
			);
		};
		BA47DCBF305D5B5B00A7B803 /* Frameworks */ = {
			isa = PBXFrameworksBuildPhase;
			files = (
				92ECBA7BFCDFF533692E1B53 /* Supabase in Frameworks */,
			);
		};
/* End PBXFrameworksBuildPhase section */

/* Begin PBXGroup section */
		3FC30D4D499DBBF2BC3F240E /* Configuration */ = {
			isa = PBXGroup;
			children = (
				043C904BADC60DC25350B5E5 /* Config.xcconfig */,
				F1A2B3C4D5E6F7A8B9C0D1E2 /* Info.plist */,
			);
			path = Configuration;
			sourceTree = "<group>";
		};
		BA47DCB9305D5B5B00A7B803 = {
			isa = PBXGroup;
			children = (
				3FC30D4D499DBBF2BC3F240E /* Configuration */,
				BA47DCC4305D5B5B00A7B803 /* PapaTodos */,
				3C6ACCE9876DF8F4FC90BEEC /* PapaTodosTests */,
				D973BEA9398830E238DE3877 /* PapaTodosUITests */,
				BA47DCC3305D5B5B00A7B803 /* Products */,
			);
			sourceTree = "<group>";
		};
		BA47DCC3305D5B5B00A7B803 /* Products */ = {
			isa = PBXGroup;
			children = (
				BA47DCC2305D5B5B00A7B803 /* PapaTodos.app */,
				BF1555C88055DE66380419E2 /* PapaTodosTests.xctest */,
				A0A9382101012EB8F2071DBB /* PapaTodosUITests.xctest */,
			);
			name = Products;
			sourceTree = "<group>";
		};
/* End PBXGroup section */

/* Begin PBXNativeTarget section */
		BA47DCC1305D5B5B00A7B803 /* PapaTodos */ = {
			isa = PBXNativeTarget;
			buildConfigurationList = BA47DCCD305D5B5B00A7B803 /* Build configuration list for PBXNativeTarget "PapaTodos" */;
			buildPhases = (
				BA47DCBE305D5B5B00A7B803 /* Sources */,
				BA47DCBF305D5B5B00A7B803 /* Frameworks */,
				BA47DCC0305D5B5B00A7B803 /* Resources */,
			);
			buildRules = (
			);
			fileSystemSynchronizedGroups = (
				BA47DCC4305D5B5B00A7B803 /* PapaTodos */,
			);
			name = PapaTodos;
			packageProductDependencies = (
				2D322FBB7AAF559D46B98DE2 /* Supabase */,
			);
			productName = PapaTodos;
			productReference = BA47DCC2305D5B5B00A7B803 /* PapaTodos.app */;
			productType = "com.apple.product-type.application";
		};
		D1611B7A759EC17064FAF63E /* PapaTodosTests */ = {
			isa = PBXNativeTarget;
			buildConfigurationList = 972826E94BC4105A5A3ECC1D /* Build configuration list for PBXNativeTarget "PapaTodosTests" */;
			buildPhases = (
				3364FFD386E81409EA514CFE /* Sources */,
				10CF0213F71F00C5B9D09B10 /* Frameworks */,
				0D9D166C357ACB7E8E971959 /* Resources */,
			);
			buildRules = (
			);
			dependencies = (
				7CD6B126AFF6E57D228D3AE6 /* PBXTargetDependency */,
			);
			fileSystemSynchronizedGroups = (
				3C6ACCE9876DF8F4FC90BEEC /* PapaTodosTests */,
			);
			name = PapaTodosTests;
			productName = PapaTodosTests;
			productReference = BF1555C88055DE66380419E2 /* PapaTodosTests.xctest */;
			productType = "com.apple.product-type.bundle.unit-test";
		};
		E07095AD40FE54C5F4692B13 /* PapaTodosUITests */ = {
			isa = PBXNativeTarget;
			buildConfigurationList = 30B004AFDE4A257EE9186914 /* Build configuration list for PBXNativeTarget "PapaTodosUITests" */;
			buildPhases = (
				73465426E0E0062E5D320B96 /* Sources */,
				AFBDC690D75FFE80FA91D749 /* Frameworks */,
				D296837D4952A9C4BB08825E /* Resources */,
			);
			buildRules = (
			);
			dependencies = (
				64C05726990F600EE12DCF17 /* PBXTargetDependency */,
			);
			fileSystemSynchronizedGroups = (
				D973BEA9398830E238DE3877 /* PapaTodosUITests */,
			);
			name = PapaTodosUITests;
			productName = PapaTodosUITests;
			productReference = A0A9382101012EB8F2071DBB /* PapaTodosUITests.xctest */;
			productType = "com.apple.product-type.bundle.ui-testing";
		};
/* End PBXNativeTarget section */

/* Begin PBXProject section */
		BA47DCBA305D5B5B00A7B803 /* Project object */ = {
			isa = PBXProject;
			attributes = {
				BuildIndependentTargetsInParallel = 1;
				LastSwiftUpdateCheck = 2700;
				LastUpgradeCheck = 2700;
				TargetAttributes = {
					BA47DCC1305D5B5B00A7B803 = {
						CreatedOnToolsVersion = 27.0;
					};
					D1611B7A759EC17064FAF63E = {
						CreatedOnToolsVersion = 27.0;
						TestTargetID = BA47DCC1305D5B5B00A7B803;
					};
					E07095AD40FE54C5F4692B13 = {
						CreatedOnToolsVersion = 27.0;
						TestTargetID = BA47DCC1305D5B5B00A7B803;
					};
				};
			};
			buildConfigurationList = BA47DCBD305D5B5B00A7B803 /* Build configuration list for PBXProject "PapaTodos" */;
			developmentRegion = en;
			hasScannedForEncodings = 0;
			knownRegions = (
				en,
				Base,
			);
			mainGroup = BA47DCB9305D5B5B00A7B803;
			minimizedProjectReferenceProxies = 1;
			packageReferences = (
				20D4453C9FE684E9DFFD0506 /* XCRemoteSwiftPackageReference "supabase-swift" */,
			);
			preferredProjectObjectVersion = 77;
			productRefGroup = BA47DCC3305D5B5B00A7B803 /* Products */;
			projectDirPath = "";
			projectRoot = "";
			targets = (
				BA47DCC1305D5B5B00A7B803 /* PapaTodos */,
				D1611B7A759EC17064FAF63E /* PapaTodosTests */,
				E07095AD40FE54C5F4692B13 /* PapaTodosUITests */,
			);
		};
/* End PBXProject section */

/* Begin PBXResourcesBuildPhase section */
		0D9D166C357ACB7E8E971959 /* Resources */ = {
			isa = PBXResourcesBuildPhase;
			files = (
			);
		};
		BA47DCC0305D5B5B00A7B803 /* Resources */ = {
			isa = PBXResourcesBuildPhase;
			files = (
			);
		};
		D296837D4952A9C4BB08825E /* Resources */ = {
			isa = PBXResourcesBuildPhase;
			files = (
			);
		};
/* End PBXResourcesBuildPhase section */

/* Begin PBXSourcesBuildPhase section */
		3364FFD386E81409EA514CFE /* Sources */ = {
			isa = PBXSourcesBuildPhase;
			files = (
			);
		};
		73465426E0E0062E5D320B96 /* Sources */ = {
			isa = PBXSourcesBuildPhase;
			files = (
			);
		};
		BA47DCBE305D5B5B00A7B803 /* Sources */ = {
			isa = PBXSourcesBuildPhase;
			files = (
			);
		};
/* End PBXSourcesBuildPhase section */

/* Begin PBXTargetDependency section */
		64C05726990F600EE12DCF17 /* PBXTargetDependency */ = {
			isa = PBXTargetDependency;
			target = BA47DCC1305D5B5B00A7B803 /* PapaTodos */;
			targetProxy = 204E844FBC51AF5B75EF3DA5 /* PBXContainerItemProxy */;
		};
		7CD6B126AFF6E57D228D3AE6 /* PBXTargetDependency */ = {
			isa = PBXTargetDependency;
			target = BA47DCC1305D5B5B00A7B803 /* PapaTodos */;
			targetProxy = 9E3DE55378687E544D6F5559 /* PBXContainerItemProxy */;
		};
/* End PBXTargetDependency section */

/* Begin XCBuildConfiguration section */
		1AA9CFB5901481DACD3D38FD /* Debug configuration for PBXNativeTarget "PapaTodosTests" */ = {
			isa = XCBuildConfiguration;
			buildSettings = {
				BUNDLE_LOADER = "$(TEST_HOST)";
				CODE_SIGN_STYLE = Automatic;
				DEVELOPMENT_TEAM = D58U53H2X6;
				GENERATE_INFOPLIST_FILE = YES;
				PRODUCT_BUNDLE_IDENTIFIER = org.nando.PapaTodosTests;
				PRODUCT_NAME = "$(TARGET_NAME)";
				SWIFT_VERSION = 6.0;
				TARGETED_DEVICE_FAMILY = 1;
				TEST_HOST = "$(BUILT_PRODUCTS_DIR)/PapaTodos.app/PapaTodos";
			};
			name = Debug;
		};
		68C5E8E64AC128898705DE62 /* Release configuration for PBXNativeTarget "PapaTodosUITests" */ = {
			isa = XCBuildConfiguration;
			buildSettings = {
				CODE_SIGN_STYLE = Automatic;
				DEVELOPMENT_TEAM = D58U53H2X6;
				GENERATE_INFOPLIST_FILE = YES;
				PRODUCT_BUNDLE_IDENTIFIER = org.nando.PapaTodosUITests;
				PRODUCT_NAME = "$(TARGET_NAME)";
				SWIFT_VERSION = 6.0;
				TARGETED_DEVICE_FAMILY = 1;
				TEST_TARGET_NAME = PapaTodos;
			};
			name = Release;
		};
		B97A581035FE73B12C1033D4 /* Release configuration for PBXNativeTarget "PapaTodosTests" */ = {
			isa = XCBuildConfiguration;
			buildSettings = {
				BUNDLE_LOADER = "$(TEST_HOST)";
				CODE_SIGN_STYLE = Automatic;
				DEVELOPMENT_TEAM = D58U53H2X6;
				GENERATE_INFOPLIST_FILE = YES;
				PRODUCT_BUNDLE_IDENTIFIER = org.nando.PapaTodosTests;
				PRODUCT_NAME = "$(TARGET_NAME)";
				SWIFT_VERSION = 6.0;
				TARGETED_DEVICE_FAMILY = 1;
				TEST_HOST = "$(BUILT_PRODUCTS_DIR)/PapaTodos.app/PapaTodos";
			};
			name = Release;
		};
		BA47DCCB305D5B5B00A7B803 /* Debug configuration for PBXProject "PapaTodos" */ = {
			isa = XCBuildConfiguration;
			baseConfigurationReference = 043C904BADC60DC25350B5E5 /* Config.xcconfig */;
			buildSettings = {
				ALWAYS_SEARCH_USER_PATHS = NO;
				ASSETCATALOG_COMPILER_GENERATE_SWIFT_ASSET_SYMBOL_EXTENSIONS = YES;
				CLANG_ANALYZER_NONNULL = YES;
				CLANG_ANALYZER_NUMBER_OBJECT_CONVERSION = YES_AGGRESSIVE;
				CLANG_CXX_LANGUAGE_STANDARD = "gnu++20";
				CLANG_ENABLE_MODULES = YES;
				CLANG_ENABLE_OBJC_ARC = YES;
				CLANG_ENABLE_OBJC_WEAK = YES;
				CLANG_WARN_BLOCK_CAPTURE_AUTORELEASING = YES;
				CLANG_WARN_BOOL_CONVERSION = YES;
				CLANG_WARN_COMMA = YES;
				CLANG_WARN_CONSTANT_CONVERSION = YES;
				CLANG_WARN_DEPRECATED_OBJC_IMPLEMENTATIONS = YES;
				CLANG_WARN_DIRECT_OBJC_ISA_USAGE = YES_ERROR;
				CLANG_WARN_DOCUMENTATION_COMMENTS = YES;
				CLANG_WARN_EMPTY_BODY = YES;
				CLANG_WARN_ENUM_CONVERSION = YES;
				CLANG_WARN_INFINITE_RECURSION = YES;
				CLANG_WARN_INT_CONVERSION = YES;
				CLANG_WARN_NON_LITERAL_NULL_CONVERSION = YES;
				CLANG_WARN_OBJC_IMPLICIT_RETAIN_SELF = YES;
				CLANG_WARN_OBJC_LITERAL_CONVERSION = YES;
				CLANG_WARN_OBJC_ROOT_CLASS = YES_ERROR;
				CLANG_WARN_QUOTED_INCLUDE_IN_FRAMEWORK_HEADER = YES;
				CLANG_WARN_RANGE_LOOP_ANALYSIS = YES;
				CLANG_WARN_STRICT_PROTOTYPES = YES;
				CLANG_WARN_SUSPICIOUS_MOVE = YES;
				CLANG_WARN_UNGUARDED_AVAILABILITY = YES_AGGRESSIVE;
				CLANG_WARN_UNREACHABLE_CODE = YES;
				CLANG_WARN__DUPLICATE_METHOD_MATCH = YES;
				COPY_PHASE_STRIP = NO;
				DEBUG_INFORMATION_FORMAT = dwarf;
				DEVELOPMENT_TEAM = D58U53H2X6;
				ENABLE_STRICT_OBJC_MSGSEND = YES;
				ENABLE_TESTABILITY = YES;
				ENABLE_USER_SCRIPT_SANDBOXING = YES;
				GCC_C_LANGUAGE_STANDARD = gnu17;
				GCC_DYNAMIC_NO_PIC = NO;
				GCC_NO_COMMON_BLOCKS = YES;
				GCC_OPTIMIZATION_LEVEL = 0;
				GCC_PREPROCESSOR_DEFINITIONS = (
					"DEBUG=1",
					"$(inherited)",
				);
				GCC_WARN_64_TO_32_BIT_CONVERSION = YES;
				GCC_WARN_ABOUT_RETURN_TYPE = YES_ERROR;
				GCC_WARN_UNDECLARED_SELECTOR = YES;
				GCC_WARN_UNINITIALIZED_AUTOS = YES_AGGRESSIVE;
				GCC_WARN_UNUSED_FUNCTION = YES;
				GCC_WARN_UNUSED_VARIABLE = YES;
				IPHONEOS_DEPLOYMENT_TARGET = 27.0;
				LOCALIZATION_PREFERS_STRING_CATALOGS = YES;
				MTL_ENABLE_DEBUG_INFO = INCLUDE_SOURCE;
				MTL_FAST_MATH = YES;
				ONLY_ACTIVE_ARCH = YES;
				SDKROOT = iphoneos;
				SWIFT_ACTIVE_COMPILATION_CONDITIONS = "DEBUG $(inherited)";
				SWIFT_OPTIMIZATION_LEVEL = "-Onone";
			};
			name = Debug;
		};
		BA47DCCC305D5B5B00A7B803 /* Release configuration for PBXProject "PapaTodos" */ = {
			isa = XCBuildConfiguration;
			baseConfigurationReference = 043C904BADC60DC25350B5E5 /* Config.xcconfig */;
			buildSettings = {
				ALWAYS_SEARCH_USER_PATHS = NO;
				ASSETCATALOG_COMPILER_GENERATE_SWIFT_ASSET_SYMBOL_EXTENSIONS = YES;
				CLANG_ANALYZER_NONNULL = YES;
				CLANG_ANALYZER_NUMBER_OBJECT_CONVERSION = YES_AGGRESSIVE;
				CLANG_CXX_LANGUAGE_STANDARD = "gnu++20";
				CLANG_ENABLE_MODULES = YES;
				CLANG_ENABLE_OBJC_ARC = YES;
				CLANG_ENABLE_OBJC_WEAK = YES;
				CLANG_WARN_BLOCK_CAPTURE_AUTORELEASING = YES;
				CLANG_WARN_BOOL_CONVERSION = YES;
				CLANG_WARN_COMMA = YES;
				CLANG_WARN_CONSTANT_CONVERSION = YES;
				CLANG_WARN_DEPRECATED_OBJC_IMPLEMENTATIONS = YES;
				CLANG_WARN_DIRECT_OBJC_ISA_USAGE = YES_ERROR;
				CLANG_WARN_DOCUMENTATION_COMMENTS = YES;
				CLANG_WARN_EMPTY_BODY = YES;
				CLANG_WARN_ENUM_CONVERSION = YES;
				CLANG_WARN_INFINITE_RECURSION = YES;
				CLANG_WARN_INT_CONVERSION = YES;
				CLANG_WARN_NON_LITERAL_NULL_CONVERSION = YES;
				CLANG_WARN_OBJC_IMPLICIT_RETAIN_SELF = YES;
				CLANG_WARN_OBJC_LITERAL_CONVERSION = YES;
				CLANG_WARN_OBJC_ROOT_CLASS = YES_ERROR;
				CLANG_WARN_QUOTED_INCLUDE_IN_FRAMEWORK_HEADER = YES;
				CLANG_WARN_RANGE_LOOP_ANALYSIS = YES;
				CLANG_WARN_STRICT_PROTOTYPES = YES;
				CLANG_WARN_SUSPICIOUS_MOVE = YES;
				CLANG_WARN_UNGUARDED_AVAILABILITY = YES_AGGRESSIVE;
				CLANG_WARN_UNREACHABLE_CODE = YES;
				CLANG_WARN__DUPLICATE_METHOD_MATCH = YES;
				COPY_PHASE_STRIP = NO;
				DEBUG_INFORMATION_FORMAT = "dwarf-with-dsym";
				DEVELOPMENT_TEAM = D58U53H2X6;
				ENABLE_NS_ASSERTIONS = NO;
				ENABLE_STRICT_OBJC_MSGSEND = YES;
				ENABLE_USER_SCRIPT_SANDBOXING = YES;
				GCC_C_LANGUAGE_STANDARD = gnu17;
				GCC_NO_COMMON_BLOCKS = YES;
				GCC_WARN_64_TO_32_BIT_CONVERSION = YES;
				GCC_WARN_ABOUT_RETURN_TYPE = YES_ERROR;
				GCC_WARN_UNDECLARED_SELECTOR = YES;
				GCC_WARN_UNINITIALIZED_AUTOS = YES_AGGRESSIVE;
				GCC_WARN_UNUSED_FUNCTION = YES;
				GCC_WARN_UNUSED_VARIABLE = YES;
				IPHONEOS_DEPLOYMENT_TARGET = 27.0;
				LOCALIZATION_PREFERS_STRING_CATALOGS = YES;
				MTL_ENABLE_DEBUG_INFO = NO;
				MTL_FAST_MATH = YES;
				SDKROOT = iphoneos;
				SWIFT_COMPILATION_MODE = wholemodule;
				VALIDATE_PRODUCT = YES;
			};
			name = Release;
		};
		BA47DCCE305D5B5B00A7B803 /* Debug configuration for PBXNativeTarget "PapaTodos" */ = {
			isa = XCBuildConfiguration;
			buildSettings = {
				ASSETCATALOG_COMPILER_APPICON_NAME = AppIcon;
				ASSETCATALOG_COMPILER_GLOBAL_ACCENT_COLOR_NAME = AccentColor;
				CODE_SIGN_ENTITLEMENTS = PapaTodos/PapaTodos.entitlements;
				CODE_SIGN_STYLE = Automatic;
				CURRENT_PROJECT_VERSION = 5;
				DEVELOPMENT_TEAM = D58U53H2X6;
				ENABLE_PREVIEWS = YES;
				INFOPLIST_FILE = Configuration/Info.plist;
				LD_RUNPATH_SEARCH_PATHS = (
					"$(inherited)",
					"@executable_path/Frameworks",
				);
				MARKETING_VERSION = 1.2;
				PRODUCT_BUNDLE_IDENTIFIER = org.nando.PapaTodos;
				PRODUCT_NAME = "$(TARGET_NAME)";
				STRING_CATALOG_GENERATE_SYMBOLS = YES;
				SWIFT_APPROACHABLE_CONCURRENCY = YES;
				SWIFT_DEFAULT_ACTOR_ISOLATION = MainActor;
				SWIFT_EMIT_LOC_STRINGS = YES;
				SWIFT_UPCOMING_FEATURE_MEMBER_IMPORT_VISIBILITY = YES;
				SWIFT_VERSION = 6.0;
				TARGETED_DEVICE_FAMILY = 1;
			};
			name = Debug;
		};
		BA47DCCF305D5B5B00A7B803 /* Release configuration for PBXNativeTarget "PapaTodos" */ = {
			isa = XCBuildConfiguration;
			buildSettings = {
				ASSETCATALOG_COMPILER_APPICON_NAME = AppIcon;
				ASSETCATALOG_COMPILER_GLOBAL_ACCENT_COLOR_NAME = AccentColor;
				CODE_SIGN_ENTITLEMENTS = PapaTodos/PapaTodos.entitlements;
				CODE_SIGN_STYLE = Automatic;
				CURRENT_PROJECT_VERSION = 5;
				DEVELOPMENT_TEAM = D58U53H2X6;
				ENABLE_PREVIEWS = YES;
				INFOPLIST_FILE = Configuration/Info.plist;
				LD_RUNPATH_SEARCH_PATHS = (
					"$(inherited)",
					"@executable_path/Frameworks",
				);
				MARKETING_VERSION = 1.2;
				PRODUCT_BUNDLE_IDENTIFIER = org.nando.PapaTodos;
				PRODUCT_NAME = "$(TARGET_NAME)";
				STRING_CATALOG_GENERATE_SYMBOLS = YES;
				SWIFT_APPROACHABLE_CONCURRENCY = YES;
				SWIFT_DEFAULT_ACTOR_ISOLATION = MainActor;
				SWIFT_EMIT_LOC_STRINGS = YES;
				SWIFT_UPCOMING_FEATURE_MEMBER_IMPORT_VISIBILITY = YES;
				SWIFT_VERSION = 6.0;
				TARGETED_DEVICE_FAMILY = 1;
			};
			name = Release;
		};
		ECC5E910CB98F22BCD595DEC /* Debug configuration for PBXNativeTarget "PapaTodosUITests" */ = {
			isa = XCBuildConfiguration;
			buildSettings = {
				CODE_SIGN_STYLE = Automatic;
				DEVELOPMENT_TEAM = D58U53H2X6;
				GENERATE_INFOPLIST_FILE = YES;
				PRODUCT_BUNDLE_IDENTIFIER = org.nando.PapaTodosUITests;
				PRODUCT_NAME = "$(TARGET_NAME)";
				SWIFT_VERSION = 6.0;
				TARGETED_DEVICE_FAMILY = 1;
				TEST_TARGET_NAME = PapaTodos;
			};
			name = Debug;
		};
/* End XCBuildConfiguration section */

/* Begin XCConfigurationList section */
		30B004AFDE4A257EE9186914 /* Build configuration list for PBXNativeTarget "PapaTodosUITests" */ = {
			isa = XCConfigurationList;
			buildConfigurations = (
				ECC5E910CB98F22BCD595DEC /* Debug configuration for PBXNativeTarget "PapaTodosUITests" */,
				68C5E8E64AC128898705DE62 /* Release configuration for PBXNativeTarget "PapaTodosUITests" */,
			);
			defaultConfigurationName = Release;
		};
		972826E94BC4105A5A3ECC1D /* Build configuration list for PBXNativeTarget "PapaTodosTests" */ = {
			isa = XCConfigurationList;
			buildConfigurations = (
				1AA9CFB5901481DACD3D38FD /* Debug configuration for PBXNativeTarget "PapaTodosTests" */,
				B97A581035FE73B12C1033D4 /* Release configuration for PBXNativeTarget "PapaTodosTests" */,
			);
			defaultConfigurationName = Release;
		};
		BA47DCBD305D5B5B00A7B803 /* Build configuration list for PBXProject "PapaTodos" */ = {
			isa = XCConfigurationList;
			buildConfigurations = (
				BA47DCCB305D5B5B00A7B803 /* Debug configuration for PBXProject "PapaTodos" */,
				BA47DCCC305D5B5B00A7B803 /* Release configuration for PBXProject "PapaTodos" */,
			);
			defaultConfigurationName = Release;
		};
		BA47DCCD305D5B5B00A7B803 /* Build configuration list for PBXNativeTarget "PapaTodos" */ = {
			isa = XCConfigurationList;
			buildConfigurations = (
				BA47DCCE305D5B5B00A7B803 /* Debug configuration for PBXNativeTarget "PapaTodos" */,
				BA47DCCF305D5B5B00A7B803 /* Release configuration for PBXNativeTarget "PapaTodos" */,
			);
			defaultConfigurationName = Release;
		};
/* End XCConfigurationList section */

/* Begin XCRemoteSwiftPackageReference section */
		20D4453C9FE684E9DFFD0506 /* XCRemoteSwiftPackageReference "supabase-swift" */ = {
			isa = XCRemoteSwiftPackageReference;
			repositoryURL = "https://github.com/supabase/supabase-swift.git";
			requirement = {
				kind = exactVersion;
				version = 2.55.2;
			};
			traits = (
			);
		};
/* End XCRemoteSwiftPackageReference section */

/* Begin XCSwiftPackageProductDependency section */
		2D322FBB7AAF559D46B98DE2 /* Supabase */ = {
			isa = XCSwiftPackageProductDependency;
			package = 20D4453C9FE684E9DFFD0506 /* XCRemoteSwiftPackageReference "supabase-swift" */;
			productName = Supabase;
		};
/* End XCSwiftPackageProductDependency section */
	};
	rootObject = BA47DCBA305D5B5B00A7B803 /* Project object */;
	validationLevel = 1;
}
